
Microsoft Visual Studio Solution File, Format Version 12.00
# Visual Studio Version 16
VisualStudioVersion = 16.0.30114.105
MinimumVisualStudioVersion = 10.0.40219.1
Project("{FAE04EC0-301F-11D3-BF4B-00C04F79EFBC}") = "topla", "topla\topla.csproj", "{77863908-2927-42A4-8B5C-52BE2348CB07}"
EndProject
Global
	GlobalSection(SolutionConfigurationPlatforms) = preSolution
		Debug|Any CPU = Debug|Any CPU
		Release|Any CPU = Release|Any CPU
	EndGlobalSection
	GlobalSection(ProjectConfigurationPlatforms) = postSolution
		{77863908-2927-42A4-8B5C-52BE2348CB07}.Debug|Any CPU.ActiveCfg = Debug|Any CPU
		{77863908-2927-42A4-8B5C-52BE2348CB07}.Debug|Any CPU.Build.0 = Debug|Any CPU
		{77863908-2927-42A4-8B5C-52BE2348CB07}.Release|Any CPU.ActiveCfg = Release|Any CPU
		{77863908-2927-42A4-8B5C-52BE2348CB07}.Release|Any CPU.Build.0 = Release|Any CPU
	EndGlobalSection
	GlobalSection(SolutionProperties) = preSolution
		HideSolutionNode = FALSE
	EndGlobalSection
	GlobalSection(ExtensibilityGlobals) = postSolution
		SolutionGuid = {5023F5C0-98E2-4C0B-9D32-EB6256DC9FF4}
	EndGlobalSection
EndGlobal
